// !$*UTF8*$!
{
	archiveVersion = 1;
	classes = {
	};
	objectVersion = 54;
	objects = {

/* Begin PBXBuildFile section */
		04CC97D2B1409A7B056B5C63 /* EnvironmentsConfiguration.swift in Sources */ = {isa = PBXBuildFile; fileRef = CCCFF3F6BE6E750B9349C7FA /* EnvironmentsConfiguration.swift */; };
		129DF7E4D6CD639985AE19B4 /* ForecastMainView.swift in Sources */ = {isa = PBXBuildFile; fileRef = FA9051BD7ED50D2458426725 /* ForecastMainView.swift */; };
		1862E461619C32C1B566605F /* NetworkService.swift in Sources */ = {isa = PBXBuildFile; fileRef = 02D068532C4EFD3B6F1983A5 /* NetworkService.swift */; };
		1E202DC0A5B182C7FB9C9DD0 /* ForecastMainController.swift in Sources */ = {isa = PBXBuildFile; fileRef = C7CA78044DBB289753208717 /* ForecastMainController.swift */; };
		242D07D791FE2B1F423C9B60 /* LocationBarView.swift in Sources */ = {isa = PBXBuildFile; fileRef = 4A30D0E626626A3DA3DED2C0 /* LocationBarView.swift */; };
		29E5181E1301E60AFCCBD004 /* WeatherRepository.swift in Sources */ = {isa = PBXBuildFile; fileRef = C2306F12862A5A77B164E222 /* WeatherRepository.swift */; };
		36E5060540D1A860BBDB10D2 /* AppDelegate.swift in Sources */ = {isa = PBXBuildFile; fileRef = E5FE252DFEF48012D0838512 /* AppDelegate.swift */; };
		3C058C587A807945883F1497 /* ForecastMainViewModel.swift in Sources */ = {isa = PBXBuildFile; fileRef = BED56BA367F55AAB8E794424 /* ForecastMainViewModel.swift */; };
		766D5F121864FB1FE1E8F4B5 /* LoadingViewModifier.swift in Sources */ = {isa = PBXBuildFile; fileRef = 117F291FFB65C03056FAF3C2 /* LoadingViewModifier.swift */; };
		7A53C581732564AEA8D7114E /* Environments.swift in Sources */ = {isa = PBXBuildFile; fileRef = A1DDDBC9DCE59A8E7230EBDA /* Environments.swift */; };
		9841B5C08DF4A7CC5B922B23 /* Moya in Frameworks */ = {isa = PBXBuildFile; productRef = 723717BE7FFEC7CF6579FA40 /* Moya */; };
		9AAD765F831F94DB67D7A7D4 /* ForecastMainFactory.swift in Sources */ = {isa = PBXBuildFile; fileRef = 07121390E97688D58678A78D /* ForecastMainFactory.swift */; };
		AAAD80165070F4044224E864 /* SceneDelegate.swift in Sources */ = {isa = PBXBuildFile; fileRef = D80E3DC40C0C76A333E31175 /* SceneDelegate.swift */; };
		B3CB625F3935C70DA56654DB /* LocationService.swift in Sources */ = {isa = PBXBuildFile; fileRef = 5A61490BFA357173DA4ED514 /* LocationService.swift */; };
		C4087C9507CCE77BAC9558C2 /* ErrorStateViewModifier.swift in Sources */ = {isa = PBXBuildFile; fileRef = 5B6DB3605AA4C55378055BA7 /* ErrorStateViewModifier.swift */; };
		CE07ADA90568B511AE62C20A /* WeatherApi.swift in Sources */ = {isa = PBXBuildFile; fileRef = 5156D50DAD848C5DBE26D1B5 /* WeatherApi.swift */; };
		DA51343B190F65A92EDF9E69 /* LaunchScreen.storyboard in Resources */ = {isa = PBXBuildFile; fileRef = CF34C19F7AFC0A7D0E979897 /* LaunchScreen.storyboard */; };
		DE0A96069CA3499C6F04771F /* ForecastModel.swift in Sources */ = {isa = PBXBuildFile; fileRef = 88CA574B41A047CFF1AF60FA /* ForecastModel.swift */; };
		DF900D5924E0BAE282F9049E /* Assets.xcassets in Resources */ = {isa = PBXBuildFile; fileRef = 6C01A3C6AE6A546A616526C4 /* Assets.xcassets */; };
		F787A1E8F292A969F8AFF7CA /* CurrentForecastModel.swift in Sources */ = {isa = PBXBuildFile; fileRef = 5332AE06F6C523FF77C45BBA /* CurrentForecastModel.swift */; };
		FD89CBB860A757B6E0F49DA2 /* FutureForecastModel.swift in Sources */ = {isa = PBXBuildFile; fileRef = E897701F7E6A32C3AE0A245F /* FutureForecastModel.swift */; };
/* End PBXBuildFile section */

/* Begin PBXFileReference section */
		02D068532C4EFD3B6F1983A5 /* NetworkService.swift */ = {isa = PBXFileReference; lastKnownFileType = sourcecode.swift; path = NetworkService.swift; sourceTree = "<group>"; };
		07121390E97688D58678A78D /* ForecastMainFactory.swift */ = {isa = PBXFileReference; lastKnownFileType = sourcecode.swift; path = ForecastMainFactory.swift; sourceTree = "<group>"; };
		117F291FFB65C03056FAF3C2 /* LoadingViewModifier.swift */ = {isa = PBXFileReference; lastKnownFileType = sourcecode.swift; path = LoadingViewModifier.swift; sourceTree = "<group>"; };
		25BC59F755991BBB3351FCD6 /* WeatherApp.app */ = {isa = PBXFileReference; includeInIndex = 0; lastKnownFileType = wrapper.application; path = WeatherApp.app; sourceTree = BUILT_PRODUCTS_DIR; };
		4A30D0E626626A3DA3DED2C0 /* LocationBarView.swift */ = {isa = PBXFileReference; lastKnownFileType = sourcecode.swift; path = LocationBarView.swift; sourceTree = "<group>"; };
		5156D50DAD848C5DBE26D1B5 /* WeatherApi.swift */ = {isa = PBXFileReference; lastKnownFileType = sourcecode.swift; path = WeatherApi.swift; sourceTree = "<group>"; };
		5332AE06F6C523FF77C45BBA /* CurrentForecastModel.swift */ = {isa = PBXFileReference; lastKnownFileType = sourcecode.swift; path = CurrentForecastModel.swift; sourceTree = "<group>"; };
		5A61490BFA357173DA4ED514 /* LocationService.swift */ = {isa = PBXFileReference; lastKnownFileType = sourcecode.swift; path = LocationService.swift; sourceTree = "<group>"; };
		5B6DB3605AA4C55378055BA7 /* ErrorStateViewModifier.swift */ = {isa = PBXFileReference; lastKnownFileType = sourcecode.swift; path = ErrorStateViewModifier.swift; sourceTree = "<group>"; };
		6C01A3C6AE6A546A616526C4 /* Assets.xcassets */ = {isa = PBXFileReference; lastKnownFileType = folder.assetcatalog; path = Assets.xcassets; sourceTree = "<group>"; };
		7720642C455526C0FEBA5998 /* dev.xcconfig */ = {isa = PBXFileReference; lastKnownFileType = text.xcconfig; path = dev.xcconfig; sourceTree = "<group>"; };
		88CA574B41A047CFF1AF60FA /* ForecastModel.swift */ = {isa = PBXFileReference; lastKnownFileType = sourcecode.swift; path = ForecastModel.swift; sourceTree = "<group>"; };
		A1DDDBC9DCE59A8E7230EBDA /* Environments.swift */ = {isa = PBXFileReference; lastKnownFileType = sourcecode.swift; path = Environments.swift; sourceTree = "<group>"; };
		B5799F6D401BA96B7C987D4B /* Base */ = {isa = PBXFileReference; lastKnownFileType = file.storyboard; name = Base; path = Base.lproj/LaunchScreen.storyboard; sourceTree = "<group>"; };
		BED56BA367F55AAB8E794424 /* ForecastMainViewModel.swift */ = {isa = PBXFileReference; lastKnownFileType = sourcecode.swift; path = ForecastMainViewModel.swift; sourceTree = "<group>"; };
		C2306F12862A5A77B164E222 /* WeatherRepository.swift */ = {isa = PBXFileReference; lastKnownFileType = sourcecode.swift; path = WeatherRepository.swift; sourceTree = "<group>"; };
		C7CA78044DBB289753208717 /* ForecastMainController.swift */ = {isa = PBXFileReference; lastKnownFileType = sourcecode.swift; path = ForecastMainController.swift; sourceTree = "<group>"; };
		CCCFF3F6BE6E750B9349C7FA /* EnvironmentsConfiguration.swift */ = {isa = PBXFileReference; lastKnownFileType = sourcecode.swift; path = EnvironmentsConfiguration.swift; sourceTree = "<group>"; };
		CD77AB0A7EA81118BE70A70F /* Info.plist */ = {isa = PBXFileReference; lastKnownFileType = text.plist; path = Info.plist; sourceTree = "<group>"; };
		D80E3DC40C0C76A333E31175 /* SceneDelegate.swift */ = {isa = PBXFileReference; lastKnownFileType = sourcecode.swift; path = SceneDelegate.swift; sourceTree = "<group>"; };
		E5FE252DFEF48012D0838512 /* AppDelegate.swift */ = {isa = PBXFileReference; lastKnownFileType = sourcecode.swift; path = AppDelegate.swift; sourceTree = "<group>"; };
		E897701F7E6A32C3AE0A245F /* FutureForecastModel.swift */ = {isa = PBXFileReference; lastKnownFileType = sourcecode.swift; path = FutureForecastModel.swift; sourceTree = "<group>"; };
		FA9051BD7ED50D2458426725 /* ForecastMainView.swift */ = {isa = PBXFileReference; lastKnownFileType = sourcecode.swift; path = ForecastMainView.swift; sourceTree = "<group>"; };
/* End PBXFileReference section */

/* Begin PBXFrameworksBuildPhase section */
		0CD4E8C9D5665058FFE1B20C /* Frameworks */ = {
			isa = PBXFrameworksBuildPhase;
			buildActionMask = 2147483647;
			files = (
				9841B5C08DF4A7CC5B922B23 /* Moya in Frameworks */,
			);
			runOnlyForDeploymentPostprocessing = 0;
		};
/* End PBXFrameworksBuildPhase section */

/* Begin PBXGroup section */
		0DC8D177C6013CDE5B0E83BA /* App */ = {
			isa = PBXGroup;
			children = (
				E5FE252DFEF48012D0838512 /* AppDelegate.swift */,
				D80E3DC40C0C76A333E31175 /* SceneDelegate.swift */,
			);
			path = App;
			sourceTree = "<group>";
		};
		270790058BB405738ADD417B /* View */ = {
			isa = PBXGroup;
			children = (
				4A30D0E626626A3DA3DED2C0 /* LocationBarView.swift */,
			);
			path = View;
			sourceTree = "<group>";
		};
		2B91CC275CC69BC1771DA562 /* Repositories */ = {
			isa = PBXGroup;
			children = (
				C2306F12862A5A77B164E222 /* WeatherRepository.swift */,
			);
			path = Repositories;
			sourceTree = "<group>";
		};
		62BD443CA14B3FF87BA00612 /* WeatherApp */ = {
			isa = PBXGroup;
			children = (
				0DC8D177C6013CDE5B0E83BA /* App */,
				AAAE326033C06332AA56F7BF /* Base */,
				A6B397ABFB47E9C92B8921D3 /* Configs */,
				6D352EF7D6C4FE83BF83FB1F /* Models */,
				2B91CC275CC69BC1771DA562 /* Repositories */,
				B558F56F2782ED0927825E04 /* Services */,
				DB308DB3A03AB71805AA6B8D /* UI */,
				6C01A3C6AE6A546A616526C4 /* Assets.xcassets */,
				CF34C19F7AFC0A7D0E979897 /* LaunchScreen.storyboard */,
			);
			path = WeatherApp;
			sourceTree = "<group>";
		};
		6D352EF7D6C4FE83BF83FB1F /* Models */ = {
			isa = PBXGroup;
			children = (
				5332AE06F6C523FF77C45BBA /* CurrentForecastModel.swift */,
				88CA574B41A047CFF1AF60FA /* ForecastModel.swift */,
				E897701F7E6A32C3AE0A245F /* FutureForecastModel.swift */,
			);
			path = Models;
			sourceTree = "<group>";
		};
		9047F2BCDAB2170DC2750C4D /* Network */ = {
			isa = PBXGroup;
			children = (
				02D068532C4EFD3B6F1983A5 /* NetworkService.swift */,
				5156D50DAD848C5DBE26D1B5 /* WeatherApi.swift */,
			);
			path = Network;
			sourceTree = "<group>";
		};
		9E139DD5F01C9D68C4B04E30 = {
			isa = PBXGroup;
			children = (
				62BD443CA14B3FF87BA00612 /* WeatherApp */,
				9F9DF2D0F537ECC7303F527B /* Products */,
			);
			sourceTree = "<group>";
		};
		9F9DF2D0F537ECC7303F527B /* Products */ = {
			isa = PBXGroup;
			children = (
				25BC59F755991BBB3351FCD6 /* WeatherApp.app */,
			);
			name = Products;
			sourceTree = "<group>";
		};
		A6B397ABFB47E9C92B8921D3 /* Configs */ = {
			isa = PBXGroup;
			children = (
				7720642C455526C0FEBA5998 /* dev.xcconfig */,
				A1DDDBC9DCE59A8E7230EBDA /* Environments.swift */,
				CCCFF3F6BE6E750B9349C7FA /* EnvironmentsConfiguration.swift */,
				CD77AB0A7EA81118BE70A70F /* Info.plist */,
			);
			path = Configs;
			sourceTree = "<group>";
		};
		AAAE326033C06332AA56F7BF /* Base */ = {
			isa = PBXGroup;
			children = (
				F172FB110378C8E652FD10CB /* ViewModifiers */,
			);
			path = Base;
			sourceTree = "<group>";
		};
		B558F56F2782ED0927825E04 /* Services */ = {
			isa = PBXGroup;
			children = (
				9047F2BCDAB2170DC2750C4D /* Network */,
				5A61490BFA357173DA4ED514 /* LocationService.swift */,
			);
			path = Services;
			sourceTree = "<group>";
		};
		DB308DB3A03AB71805AA6B8D /* UI */ = {
			isa = PBXGroup;
			children = (
				FF687DB2C66709CD4A5D6ABC /* ForecastMain */,
			);
			path = UI;
			sourceTree = "<group>";
		};
		F172FB110378C8E652FD10CB /* ViewModifiers */ = {
			isa = PBXGroup;
			children = (
				5B6DB3605AA4C55378055BA7 /* ErrorStateViewModifier.swift */,
				117F291FFB65C03056FAF3C2 /* LoadingViewModifier.swift */,
			);
			path = ViewModifiers;
			sourceTree = "<group>";
		};
		FF687DB2C66709CD4A5D6ABC /* ForecastMain */ = {
			isa = PBXGroup;
			children = (
				270790058BB405738ADD417B /* View */,
				C7CA78044DBB289753208717 /* ForecastMainController.swift */,
				07121390E97688D58678A78D /* ForecastMainFactory.swift */,
				FA9051BD7ED50D2458426725 /* ForecastMainView.swift */,
				BED56BA367F55AAB8E794424 /* ForecastMainViewModel.swift */,
			);
			path = ForecastMain;
			sourceTree = "<group>";
		};
/* End PBXGroup section */

/* Begin PBXNativeTarget section */
		C5C3A59242333E2CBF0C59F3 /* WeatherApp */ = {
			isa = PBXNativeTarget;
			buildConfigurationList = 62C97A2A29A993F3F722020F /* Build configuration list for PBXNativeTarget "WeatherApp" */;
			buildPhases = (
				1E3FD81B0C0FC1266EA776C3 /* Sources */,
				E17903A1544D64741C007062 /* Resources */,
				0CD4E8C9D5665058FFE1B20C /* Frameworks */,
			);
			buildRules = (
			);
			dependencies = (
			);
			name = WeatherApp;
			packageProductDependencies = (
				723717BE7FFEC7CF6579FA40 /* Moya */,
			);
			productName = WeatherApp;
			productReference = 25BC59F755991BBB3351FCD6 /* WeatherApp.app */;
			productType = "com.apple.product-type.application";
		};
/* End PBXNativeTarget section */

/* Begin PBXProject section */
		68EB07FA727F0E3673187832 /* Project object */ = {
			isa = PBXProject;
			attributes = {
				BuildIndependentTargetsInParallel = YES;
				LastUpgradeCheck = 1430;
				TargetAttributes = {
				};
			};
			buildConfigurationList = 2AE132A3D809B71E5F58BDF0 /* Build configuration list for PBXProject "WeatherApp" */;
			compatibilityVersion = "Xcode 14.0";
			developmentRegion = en;
			hasScannedForEncodings = 0;
			knownRegions = (
				Base,
				en,
			);
			mainGroup = 9E139DD5F01C9D68C4B04E30;
			packageReferences = (
				350A2E24065F27DD21002029 /* XCRemoteSwiftPackageReference "Moya" */,
			);
			projectDirPath = "";
			projectRoot = "";
			targets = (
				C5C3A59242333E2CBF0C59F3 /* WeatherApp */,
			);
		};
/* End PBXProject section */

/* Begin PBXResourcesBuildPhase section */
		E17903A1544D64741C007062 /* Resources */ = {
			isa = PBXResourcesBuildPhase;
			buildActionMask = 2147483647;
			files = (
				DF900D5924E0BAE282F9049E /* Assets.xcassets in Resources */,
				DA51343B190F65A92EDF9E69 /* LaunchScreen.storyboard in Resources */,
			);
			runOnlyForDeploymentPostprocessing = 0;
		};
/* End PBXResourcesBuildPhase section */

/* Begin PBXSourcesBuildPhase section */
		1E3FD81B0C0FC1266EA776C3 /* Sources */ = {
			isa = PBXSourcesBuildPhase;
			buildActionMask = 2147483647;
			files = (
				36E5060540D1A860BBDB10D2 /* AppDelegate.swift in Sources */,
				F787A1E8F292A969F8AFF7CA /* CurrentForecastModel.swift in Sources */,
				7A53C581732564AEA8D7114E /* Environments.swift in Sources */,
				04CC97D2B1409A7B056B5C63 /* EnvironmentsConfiguration.swift in Sources */,
				C4087C9507CCE77BAC9558C2 /* ErrorStateViewModifier.swift in Sources */,
				1E202DC0A5B182C7FB9C9DD0 /* ForecastMainController.swift in Sources */,
				9AAD765F831F94DB67D7A7D4 /* ForecastMainFactory.swift in Sources */,
				129DF7E4D6CD639985AE19B4 /* ForecastMainView.swift in Sources */,
				3C058C587A807945883F1497 /* ForecastMainViewModel.swift in Sources */,
				DE0A96069CA3499C6F04771F /* ForecastModel.swift in Sources */,
				FD89CBB860A757B6E0F49DA2 /* FutureForecastModel.swift in Sources */,
				766D5F121864FB1FE1E8F4B5 /* LoadingViewModifier.swift in Sources */,
				242D07D791FE2B1F423C9B60 /* LocationBarView.swift in Sources */,
				B3CB625F3935C70DA56654DB /* LocationService.swift in Sources */,
				1862E461619C32C1B566605F /* NetworkService.swift in Sources */,
				AAAD80165070F4044224E864 /* SceneDelegate.swift in Sources */,
				CE07ADA90568B511AE62C20A /* WeatherApi.swift in Sources */,
				29E5181E1301E60AFCCBD004 /* WeatherRepository.swift in Sources */,
			);
			runOnlyForDeploymentPostprocessing = 0;
		};
/* End PBXSourcesBuildPhase section */

/* Begin PBXVariantGroup section */
		CF34C19F7AFC0A7D0E979897 /* LaunchScreen.storyboard */ = {
			isa = PBXVariantGroup;
			children = (
				B5799F6D401BA96B7C987D4B /* Base */,
			);
			name = LaunchScreen.storyboard;
			sourceTree = "<group>";
		};
/* End PBXVariantGroup section */

/* Begin XCBuildConfiguration section */
		004536EA1427290616059E41 /* Release */ = {
			isa = XCBuildConfiguration;
			buildSettings = {
				ALWAYS_SEARCH_USER_PATHS = NO;
				CLANG_ANALYZER_NONNULL = YES;
				CLANG_ANALYZER_NUMBER_OBJECT_CONVERSION = YES_AGGRESSIVE;
				CLANG_CXX_LANGUAGE_STANDARD = "gnu++14";
				CLANG_CXX_LIBRARY = "libc++";
				CLANG_ENABLE_MODULES = YES;
				CLANG_ENABLE_OBJC_ARC = YES;
				CLANG_ENABLE_OBJC_WEAK = YES;
				CLANG_WARN_BLOCK_CAPTURE_AUTORELEASING = YES;
				CLANG_WARN_BOOL_CONVERSION = YES;
				CLANG_WARN_COMMA = YES;
				CLANG_WARN_CONSTANT_CONVERSION = YES;
				CLANG_WARN_DEPRECATED_OBJC_IMPLEMENTATIONS = YES;
				CLANG_WARN_DIRECT_OBJC_ISA_USAGE = YES_ERROR;
				CLANG_WARN_DOCUMENTATION_COMMENTS = YES;
				CLANG_WARN_EMPTY_BODY = YES;
				CLANG_WARN_ENUM_CONVERSION = YES;
				CLANG_WARN_INFINITE_RECURSION = YES;
				CLANG_WARN_INT_CONVERSION = YES;
				CLANG_WARN_NON_LITERAL_NULL_CONVERSION = YES;
				CLANG_WARN_OBJC_IMPLICIT_RETAIN_SELF = YES;
				CLANG_WARN_OBJC_LITERAL_CONVERSION = YES;
				CLANG_WARN_OBJC_ROOT_CLASS = YES_ERROR;
				CLANG_WARN_QUOTED_INCLUDE_IN_FRAMEWORK_HEADER = YES;
				CLANG_WARN_RANGE_LOOP_ANALYSIS = YES;
				CLANG_WARN_STRICT_PROTOTYPES = YES;
				CLANG_WARN_SUSPICIOUS_MOVE = YES;
				CLANG_WARN_UNGUARDED_AVAILABILITY = YES_AGGRESSIVE;
				CLANG_WARN_UNREACHABLE_CODE = YES;
				CLANG_WARN__DUPLICATE_METHOD_MATCH = YES;
				COPY_PHASE_STRIP = NO;
				DEBUG_INFORMATION_FORMAT = "dwarf-with-dsym";
				ENABLE_NS_ASSERTIONS = NO;
				ENABLE_STRICT_OBJC_MSGSEND = YES;
				GCC_C_LANGUAGE_STANDARD = gnu11;
				GCC_NO_COMMON_BLOCKS = YES;
				GCC_WARN_64_TO_32_BIT_CONVERSION = YES;
				GCC_WARN_ABOUT_RETURN_TYPE = YES_ERROR;
				GCC_WARN_UNDECLARED_SELECTOR = YES;
				GCC_WARN_UNINITIALIZED_AUTOS = YES_AGGRESSIVE;
				GCC_WARN_UNUSED_FUNCTION = YES;
				GCC_WARN_UNUSED_VARIABLE = YES;
				MTL_ENABLE_DEBUG_INFO = NO;
				MTL_FAST_MATH = YES;
				PRODUCT_NAME = "$(TARGET_NAME)";
				SDKROOT = iphoneos;
				SWIFT_COMPILATION_MODE = wholemodule;
				SWIFT_OPTIMIZATION_LEVEL = "-O";
				SWIFT_VERSION = 5.0;
			};
			name = Release;
		};
		432C36AAC8565147DF3378D7 /* Debug */ = {
			isa = XCBuildConfiguration;
			baseConfigurationReference = 7720642C455526C0FEBA5998 /* dev.xcconfig */;
			buildSettings = {
				ASSETCATALOG_COMPILER_APPICON_NAME = AppIcon;
				CODE_SIGN_IDENTITY = "iPhone Developer";
				CURRENT_PROJECT_VERSION = 1;
				INFOPLIST_FILE = WeatherApp/Configs/Info.plist;
				IPHONEOS_DEPLOYMENT_TARGET = 15.0;
				LD_RUNPATH_SEARCH_PATHS = (
					"$(inherited)",
					"@executable_path/Frameworks",
				);
				PRODUCT_BUNDLE_IDENTIFIER = com.Nesterova.WeatherApp;
				PRODUCT_NAME = WeatherApp;
				PROVISIONING_PROFILE_SPECIFIER = "";
				SDKROOT = iphoneos;
				SWIFT_VERSION = 5.5;
				TARGETED_DEVICE_FAMILY = 1;
			};
			name = Debug;
		};
		4537F96F82218F719C4A2EAE /* Debug */ = {
			isa = XCBuildConfiguration;
			buildSettings = {
				ALWAYS_SEARCH_USER_PATHS = NO;
				CLANG_ANALYZER_NONNULL = YES;
				CLANG_ANALYZER_NUMBER_OBJECT_CONVERSION = YES_AGGRESSIVE;
				CLANG_CXX_LANGUAGE_STANDARD = "gnu++14";
				CLANG_CXX_LIBRARY = "libc++";
				CLANG_ENABLE_MODULES = YES;
				CLANG_ENABLE_OBJC_ARC = YES;
				CLANG_ENABLE_OBJC_WEAK = YES;
				CLANG_WARN_BLOCK_CAPTURE_AUTORELEASING = YES;
				CLANG_WARN_BOOL_CONVERSION = YES;
				CLANG_WARN_COMMA = YES;
				CLANG_WARN_CONSTANT_CONVERSION = YES;
				CLANG_WARN_DEPRECATED_OBJC_IMPLEMENTATIONS = YES;
				CLANG_WARN_DIRECT_OBJC_ISA_USAGE = YES_ERROR;
				CLANG_WARN_DOCUMENTATION_COMMENTS = YES;
				CLANG_WARN_EMPTY_BODY = YES;
				CLANG_WARN_ENUM_CONVERSION = YES;
				CLANG_WARN_INFINITE_RECURSION = YES;
				CLANG_WARN_INT_CONVERSION = YES;
				CLANG_WARN_NON_LITERAL_NULL_CONVERSION = YES;
				CLANG_WARN_OBJC_IMPLICIT_RETAIN_SELF = YES;
				CLANG_WARN_OBJC_LITERAL_CONVERSION = YES;
				CLANG_WARN_OBJC_ROOT_CLASS = YES_ERROR;
				CLANG_WARN_QUOTED_INCLUDE_IN_FRAMEWORK_HEADER = YES;
				CLANG_WARN_RANGE_LOOP_ANALYSIS = YES;
				CLANG_WARN_STRICT_PROTOTYPES = YES;
				CLANG_WARN_SUSPICIOUS_MOVE = YES;
				CLANG_WARN_UNGUARDED_AVAILABILITY = YES_AGGRESSIVE;
				CLANG_WARN_UNREACHABLE_CODE = YES;
				CLANG_WARN__DUPLICATE_METHOD_MATCH = YES;
				COPY_PHASE_STRIP = NO;
				DEBUG_INFORMATION_FORMAT = dwarf;
				ENABLE_STRICT_OBJC_MSGSEND = YES;
				ENABLE_TESTABILITY = YES;
				GCC_C_LANGUAGE_STANDARD = gnu11;
				GCC_DYNAMIC_NO_PIC = NO;
				GCC_NO_COMMON_BLOCKS = YES;
				GCC_OPTIMIZATION_LEVEL = 0;
				GCC_PREPROCESSOR_DEFINITIONS = (
					"$(inherited)",
					"DEBUG=1",
				);
				GCC_WARN_64_TO_32_BIT_CONVERSION = YES;
				GCC_WARN_ABOUT_RETURN_TYPE = YES_ERROR;
				GCC_WARN_UNDECLARED_SELECTOR = YES;
				GCC_WARN_UNINITIALIZED_AUTOS = YES_AGGRESSIVE;
				GCC_WARN_UNUSED_FUNCTION = YES;
				GCC_WARN_UNUSED_VARIABLE = YES;
				MTL_ENABLE_DEBUG_INFO = INCLUDE_SOURCE;
				MTL_FAST_MATH = YES;
				ONLY_ACTIVE_ARCH = YES;
				PRODUCT_NAME = "$(TARGET_NAME)";
				SDKROOT = iphoneos;
				SWIFT_ACTIVE_COMPILATION_CONDITIONS = DEBUG;
				SWIFT_OPTIMIZATION_LEVEL = "-Onone";
				SWIFT_VERSION = 5.0;
			};
			name = Debug;
		};
		8428031DA5DF42E6929BF69A /* Release */ = {
			isa = XCBuildConfiguration;
			baseConfigurationReference = 7720642C455526C0FEBA5998 /* dev.xcconfig */;
			buildSettings = {
				ASSETCATALOG_COMPILER_APPICON_NAME = AppIcon;
				CODE_SIGN_IDENTITY = "iPhone Distribution";
				CURRENT_PROJECT_VERSION = 1;
				INFOPLIST_FILE = WeatherApp/Configs/Info.plist;
				IPHONEOS_DEPLOYMENT_TARGET = 15.0;
				LD_RUNPATH_SEARCH_PATHS = (
					"$(inherited)",
					"@executable_path/Frameworks",
				);
				PRODUCT_BUNDLE_IDENTIFIER = com.Nesterova.WeatherApp;
				PRODUCT_NAME = WeatherApp;
				PROVISIONING_PROFILE_SPECIFIER = "";
				SDKROOT = iphoneos;
				SWIFT_VERSION = 5.5;
				TARGETED_DEVICE_FAMILY = 1;
			};
			name = Release;
		};
/* End XCBuildConfiguration section */

/* Begin XCConfigurationList section */
		2AE132A3D809B71E5F58BDF0 /* Build configuration list for PBXProject "WeatherApp" */ = {
			isa = XCConfigurationList;
			buildConfigurations = (
				4537F96F82218F719C4A2EAE /* Debug */,
				004536EA1427290616059E41 /* Release */,
			);
			defaultConfigurationIsVisible = 0;
			defaultConfigurationName = Debug;
		};
		62C97A2A29A993F3F722020F /* Build configuration list for PBXNativeTarget "WeatherApp" */ = {
			isa = XCConfigurationList;
			buildConfigurations = (
				432C36AAC8565147DF3378D7 /* Debug */,
				8428031DA5DF42E6929BF69A /* Release */,
			);
			defaultConfigurationIsVisible = 0;
			defaultConfigurationName = Debug;
		};
/* End XCConfigurationList section */

/* Begin XCRemoteSwiftPackageReference section */
		350A2E24065F27DD21002029 /* XCRemoteSwiftPackageReference "Moya" */ = {
			isa = XCRemoteSwiftPackageReference;
			repositoryURL = "https://github.com/Moya/Moya.git";
			requirement = {
				kind = exactVersion;
				version = 15.0.3;
			};
		};
/* End XCRemoteSwiftPackageReference section */

/* Begin XCSwiftPackageProductDependency section */
		723717BE7FFEC7CF6579FA40 /* Moya */ = {
			isa = XCSwiftPackageProductDependency;
			package = 350A2E24065F27DD21002029 /* XCRemoteSwiftPackageReference "Moya" */;
			productName = Moya;
		};
/* End XCSwiftPackageProductDependency section */
	};
	rootObject = 68EB07FA727F0E3673187832 /* Project object */;
}
